
Microsoft Visual Studio Solution File, Format Version 12.00
# Visual Studio 14
VisualStudioVersion = 14.0.25420.1
MinimumVisualStudioVersion = 10.0.40219.1
Project("{FAE04EC0-301F-11D3-BF4B-00C04F79EFBC}") = "ParameterTest", "ParameterTest\ParameterTest.csproj", "{AB818F6F-9388-471A-9C3B-3DE881E19516}"
EndProject
Global
	GlobalSection(SolutionConfigurationPlatforms) = preSolution
		Debug|Any CPU = Debug|Any CPU
		Release|Any CPU = Release|Any CPU
	EndGlobalSection
	GlobalSection(ProjectConfigurationPlatforms) = postSolution
		{AB818F6F-9388-471A-9C3B-3DE881E19516}.Debug|Any CPU.ActiveCfg = Debug|Any CPU
		{AB818F6F-9388-471A-9C3B-3DE881E19516}.Debug|Any CPU.Build.0 = Debug|Any CPU
		{AB818F6F-9388-471A-9C3B-3DE881E19516}.Release|Any CPU.ActiveCfg = Release|Any CPU
		{AB818F6F-9388-471A-9C3B-3DE881E19516}.Release|Any CPU.Build.0 = Release|Any CPU
	EndGlobalSection
	GlobalSection(SolutionProperties) = preSolution
		HideSolutionNode = FALSE
	EndGlobalSection
EndGlobal
