
Microsoft Visual Studio Solution File, Format Version 12.00
# Visual Studio 14
VisualStudioVersion = 14.0.25420.1
MinimumVisualStudioVersion = 10.0.40219.1
Project("{FAE04EC0-301F-11D3-BF4B-00C04F79EFBC}") = "ClosureDemo", "ClosureDemo\ClosureDemo.csproj", "{1A4F9654-64F4-47E3-BDEA-DD5E4EAC3074}"
EndProject
Global
	GlobalSection(SolutionConfigurationPlatforms) = preSolution
		Debug|Any CPU = Debug|Any CPU
		Release|Any CPU = Release|Any CPU
	EndGlobalSection
	GlobalSection(ProjectConfigurationPlatforms) = postSolution
		{1A4F9654-64F4-47E3-BDEA-DD5E4EAC3074}.Debug|Any CPU.ActiveCfg = Debug|Any CPU
		{1A4F9654-64F4-47E3-BDEA-DD5E4EAC3074}.Debug|Any CPU.Build.0 = Debug|Any CPU
		{1A4F9654-64F4-47E3-BDEA-DD5E4EAC3074}.Release|Any CPU.ActiveCfg = Release|Any CPU
		{1A4F9654-64F4-47E3-BDEA-DD5E4EAC3074}.Release|Any CPU.Build.0 = Release|Any CPU
	EndGlobalSection
	GlobalSection(SolutionProperties) = preSolution
		HideSolutionNode = FALSE
	EndGlobalSection
EndGlobal
