
Microsoft Visual Studio Solution File, Format Version 12.00
# Visual Studio 14
VisualStudioVersion = 14.0.25420.1
MinimumVisualStudioVersion = 10.0.40219.1
Project("{FAE04EC0-301F-11D3-BF4B-00C04F79EFBC}") = "EnumTest", "EnumTest\EnumTest.csproj", "{A66F54B6-B765-4C4A-AEA5-9797B813D75B}"
EndProject
Global
	GlobalSection(SolutionConfigurationPlatforms) = preSolution
		Debug|Any CPU = Debug|Any CPU
		Release|Any CPU = Release|Any CPU
	EndGlobalSection
	GlobalSection(ProjectConfigurationPlatforms) = postSolution
		{A66F54B6-B765-4C4A-AEA5-9797B813D75B}.Debug|Any CPU.ActiveCfg = Debug|Any CPU
		{A66F54B6-B765-4C4A-AEA5-9797B813D75B}.Debug|Any CPU.Build.0 = Debug|Any CPU
		{A66F54B6-B765-4C4A-AEA5-9797B813D75B}.Release|Any CPU.ActiveCfg = Release|Any CPU
		{A66F54B6-B765-4C4A-AEA5-9797B813D75B}.Release|Any CPU.Build.0 = Release|Any CPU
	EndGlobalSection
	GlobalSection(SolutionProperties) = preSolution
		HideSolutionNode = FALSE
	EndGlobalSection
EndGlobal
